
Microsoft Visual Studio Solution File, Format Version 12.00
# Visual Studio Version 17
VisualStudioVersion = 17.9.34622.214
MinimumVisualStudioVersion = 10.0.40219.1
Project("{FAE04EC0-301F-11D3-BF4B-00C04F79EFBC}") = "TestService", "TestService\TestService.csproj", "{605A1BC1-B411-420D-8610-C2FA1C47FFEC}"
EndProject
Project("{FAE04EC0-301F-11D3-BF4B-00C04F79EFBC}") = "Frontend", "Frontend\Frontend.csproj", "{44D63E1B-699F-443C-827A-1F90B252AC20}"
EndProject
Global
	GlobalSection(SolutionConfigurationPlatforms) = preSolution
		Debug|Any CPU = Debug|Any CPU
		Release|Any CPU = Release|Any CPU
	EndGlobalSection
	GlobalSection(ProjectConfigurationPlatforms) = postSolution
		{605A1BC1-B411-420D-8610-C2FA1C47FFEC}.Debug|Any CPU.ActiveCfg = Debug|Any CPU
		{605A1BC1-B411-420D-8610-C2FA1C47FFEC}.Debug|Any CPU.Build.0 = Debug|Any CPU
		{605A1BC1-B411-420D-8610-C2FA1C47FFEC}.Release|Any CPU.ActiveCfg = Release|Any CPU
		{605A1BC1-B411-420D-8610-C2FA1C47FFEC}.Release|Any CPU.Build.0 = Release|Any CPU
		{44D63E1B-699F-443C-827A-1F90B252AC20}.Debug|Any CPU.ActiveCfg = Debug|Any CPU
		{44D63E1B-699F-443C-827A-1F90B252AC20}.Debug|Any CPU.Build.0 = Debug|Any CPU
		{44D63E1B-699F-443C-827A-1F90B252AC20}.Release|Any CPU.ActiveCfg = Release|Any CPU
		{44D63E1B-699F-443C-827A-1F90B252AC20}.Release|Any CPU.Build.0 = Release|Any CPU
	EndGlobalSection
	GlobalSection(SolutionProperties) = preSolution
		HideSolutionNode = FALSE
	EndGlobalSection
	GlobalSection(ExtensibilityGlobals) = postSolution
		SolutionGuid = {8D1EFDBB-B743-452D-880B-A2741654047C}
	EndGlobalSection
EndGlobal
